hash: 61650b1ec198a8e63d341908512a136ee16a45bd82e46f71945f807ccbee2715
updated: 2017-05-02T16:49:23.488146022+01:00
imports:
- name: github.com/aokoli/goutils
  version: e57d01ace047c1a43e6a49ecf3ecc50ed2be81d1
- name: github.com/aws/aws-sdk-go
  version: 0dbc446aca87aebb6e0a24509b59bafc0e3ec0ae
  subpackages:
  - aws
  - aws/awserr
  - aws/awsutil
  - aws/client
  - aws/client/metadata
  - aws/corehandlers
  - aws/credentials
  - aws/credentials/ec2rolecreds
  - aws/credentials/endpointcreds
  - aws/credentials/stscreds
  - aws/defaults
  - aws/ec2metadata
  - aws/endpoints
  - aws/request
  - aws/session
  - aws/signer/v4
  - private/protocol
  - private/protocol/ec2query
  - private/protocol/json/jsonutil
  - private/protocol/jsonrpc
  - private/protocol/query
  - private/protocol/query/queryutil
  - private/protocol/rest
  - private/protocol/restxml
  - private/protocol/xml/xmlutil
  - service/cloudformation
  - service/ec2
  - service/elb
  - service/kms
  - service/route53
  - service/s3
  - service/sts
- name: github.com/coreos/coreos-cloudinit
  version: 5be99bf577f2768193c7fb587ef5a8806c1503cf
  subpackages:
  - config
  - config/validate
- name: github.com/coreos/go-semver
  version: 8ab6407b697782a06568d4b7f1db25550ec2e4c6
  subpackages:
  - semver
- name: github.com/coreos/yaml
  version: 6b16a5714269b2f70720a45406b1babd947a17ef
- name: github.com/go-ini/ini
  version: e7fea39b01aea8d5671f6858f0532f56e8bff3a5
- name: github.com/inconshreveable/mousetrap
  version: 76626ae9c91c4f2a10f34cad8ce83ea42c93bb75
- name: github.com/jmespath/go-jmespath
  version: bd40a432e4c76585ef6b72d3fd96fb9b6dc7b68d
- name: github.com/Masterminds/semver
  version: 59c29afe1a994eacb71c833025ca7acf874bb1da
- name: github.com/Masterminds/sprig
  version: 23597e5f6ad0e4d590e71314bfd0251a4a3cf849
- name: github.com/satori/go.uuid
  version: 879c5887cd475cd7864858769793b2ceb0d44feb
- name: github.com/spf13/cobra
  version: 8f0203be891287870100e4af46262cdf4a4261d1
- name: github.com/spf13/pflag
  version: c990990ab4981d84da820b7b00c85139ca150b5f
- name: golang.org/x/crypto
  version: 8e03fc1ab6a36bdb9e7dee75a213c30f0249d0c1
  subpackages:
  - pbkdf2
  - scrypt
- name: gopkg.in/yaml.v2
  version: cd8b52f8269e0feb286dfeef29f8fe4d5b397e0b
testImports: []
