hash: c867da102c81c3ad5b5b7e9016f1b020fe22311da8f3532b65a0a2832f0b0b3c
updated: 2016-10-20T15:12:14.214670168+09:00
imports:
- name: github.com/aws/aws-sdk-go
  version: 1a651d9028d1203f4a0ba9fee91b207536cd4ca2
  subpackages:
  - aws
  - aws/awserr
  - aws/awsutil
  - aws/client
  - aws/client/metadata
  - aws/corehandlers
  - aws/credentials
  - aws/credentials/ec2rolecreds
  - aws/credentials/endpointcreds
  - aws/credentials/stscreds
  - aws/defaults
  - aws/ec2metadata
  - aws/request
  - aws/session
  - aws/signer/v4
  - private/endpoints
  - private/protocol
  - private/protocol/ec2query
  - private/protocol/json/jsonutil
  - private/protocol/jsonrpc
  - private/protocol/query
  - private/protocol/query/queryutil
  - private/protocol/rest
  - private/protocol/restxml
  - private/protocol/xml/xmlutil
  - private/waiter
  - service/cloudformation
  - service/ec2
  - service/elb
  - service/kms
  - service/route53
  - service/sts
- name: github.com/coreos/coreos-cloudinit
  version: 3c68e2e67d2ea077e2b79383c0ad313770c62ca2
  subpackages:
  - config
  - config/validate
- name: github.com/coreos/go-semver
  version: 8ab6407b697782a06568d4b7f1db25550ec2e4c6
  subpackages:
  - semver
- name: github.com/coreos/yaml
  version: 6b16a5714269b2f70720a45406b1babd947a17ef
- name: github.com/go-ini/ini
  version: 6e4869b434bd001f6983749881c7ead3545887d8
- name: github.com/inconshreveable/mousetrap
  version: 76626ae9c91c4f2a10f34cad8ce83ea42c93bb75
- name: github.com/jmespath/go-jmespath
  version: bd40a432e4c76585ef6b72d3fd96fb9b6dc7b68d
- name: github.com/spf13/cobra
  version: 856b96dcb49d6427babe192998a35190a12c2230
- name: github.com/spf13/pflag
  version: dabebe21bf790f782ea4c7bbd2efc430de182afd
- name: gopkg.in/yaml.v2
  version: a5b47d31c556af34a302ce5d659e6fea44d90de0
testImports: []
